
Microsoft Visual Studio Solution File, Format Version 12.00
# Visual Studio 15
VisualStudioVersion = 15.0.27004.2005
MinimumVisualStudioVersion = 10.0.40219.1
Project("{FAE04EC0-301F-11D3-BF4B-00C04F79EFBC}") = "BibliotekaProjekat", "BibliotekaProjekat\BibliotekaProjekat.csproj", "{53ECDFAE-ECFA-41CF-863D-928B4F0CF4CE}"
EndProject
Global
	GlobalSection(SolutionConfigurationPlatforms) = preSolution
		Debug|Any CPU = Debug|Any CPU
		Release|Any CPU = Release|Any CPU
	EndGlobalSection
	GlobalSection(ProjectConfigurationPlatforms) = postSolution
		{53ECDFAE-ECFA-41CF-863D-928B4F0CF4CE}.Debug|Any CPU.ActiveCfg = Debug|Any CPU
		{53ECDFAE-ECFA-41CF-863D-928B4F0CF4CE}.Debug|Any CPU.Build.0 = Debug|Any CPU
		{53ECDFAE-ECFA-41CF-863D-928B4F0CF4CE}.Release|Any CPU.ActiveCfg = Release|Any CPU
		{53ECDFAE-ECFA-41CF-863D-928B4F0CF4CE}.Release|Any CPU.Build.0 = Release|Any CPU
	EndGlobalSection
	GlobalSection(SolutionProperties) = preSolution
		HideSolutionNode = FALSE
	EndGlobalSection
	GlobalSection(ExtensibilityGlobals) = postSolution
		SolutionGuid = {870284C4-7410-4B7C-B8ED-6AC746E7B078}
	EndGlobalSection
EndGlobal
